
Microsoft Visual Studio Solution File, Format Version 12.00
# Visual Studio Version 17
VisualStudioVersion = 17.1.32228.430
MinimumVisualStudioVersion = 10.0.40219.1
Project("{2150E333-8FDC-42A3-9474-1A3956D46DE8}") = "src", "src", "{00FBDDB9-F652-4268-B03D-1545D8307ABE}"
EndProject
Project("{2150E333-8FDC-42A3-9474-1A3956D46DE8}") = "TestCase.Users", "TestCase.Users", "{134F6438-C9C1-4E4C-814F-49A383C96C02}"
EndProject
Project("{9A19103F-16F7-4668-BE54-9A1E7A4F7556}") = "Testcase.User.Domain", "Testcase.User.Domain\Testcase.User.Domain.csproj", "{8176F05E-D4B8-4B04-BF1C-6F73693376A6}"
EndProject
Project("{9A19103F-16F7-4668-BE54-9A1E7A4F7556}") = "Testcase.Infrastructure", "Testcase.Infrastructure\Testcase.Infrastructure.csproj", "{49FDB074-1259-4D05-AB5D-FEAC95EF04B7}"
EndProject
Project("{9A19103F-16F7-4668-BE54-9A1E7A4F7556}") = "Testcase.API", "Testcase.API\Testcase.API.csproj", "{DD50A8F7-8A65-445A-96E3-1EA2A5166DAF}"
EndProject
Project("{2150E333-8FDC-42A3-9474-1A3956D46DE8}") = "TestCase.Appointments", "TestCase.Appointments", "{F7545726-F309-47D1-92E7-C083032E12EB}"
EndProject
Project("{FAE04EC0-301F-11D3-BF4B-00C04F79EFBC}") = "Testcase.Appointments.API", "Testcase.Appointments.API\Testcase.Appointments.API.csproj", "{2195C523-A2A5-42C7-A940-76E8C4397AC7}"
EndProject
Project("{FAE04EC0-301F-11D3-BF4B-00C04F79EFBC}") = "Testcase.Appointments.Domain", "Testcase.Appointments.Domain\Testcase.Appointments.Domain.csproj", "{16B6B39A-91C8-473A-B9DE-4F554BB00761}"
EndProject
Project("{FAE04EC0-301F-11D3-BF4B-00C04F79EFBC}") = "Testcase.Appointments.Infrastructure", "Testcase.Appointments.Infrastructure\Testcase.Appointments.Infrastructure.csproj", "{AC72E833-9D87-4969-998A-820CC05294A2}"
EndProject
Project("{2150E333-8FDC-42A3-9474-1A3956D46DE8}") = "TestCase.CSV", "TestCase.CSV", "{5C2E6650-3593-4BF4-9052-EE574189D2B9}"
EndProject
Project("{FAE04EC0-301F-11D3-BF4B-00C04F79EFBC}") = "Testcase.CSV.API", "Testcase.CSV.API\Testcase.CSV.API.csproj", "{DAD1AA72-8EE2-4DE2-B155-096926F0915C}"
EndProject
Global
	GlobalSection(SolutionConfigurationPlatforms) = preSolution
		Debug|Any CPU = Debug|Any CPU
		Release|Any CPU = Release|Any CPU
	EndGlobalSection
	GlobalSection(ProjectConfigurationPlatforms) = postSolution
		{8176F05E-D4B8-4B04-BF1C-6F73693376A6}.Debug|Any CPU.ActiveCfg = Debug|Any CPU
		{8176F05E-D4B8-4B04-BF1C-6F73693376A6}.Debug|Any CPU.Build.0 = Debug|Any CPU
		{8176F05E-D4B8-4B04-BF1C-6F73693376A6}.Release|Any CPU.ActiveCfg = Release|Any CPU
		{8176F05E-D4B8-4B04-BF1C-6F73693376A6}.Release|Any CPU.Build.0 = Release|Any CPU
		{49FDB074-1259-4D05-AB5D-FEAC95EF04B7}.Debug|Any CPU.ActiveCfg = Debug|Any CPU
		{49FDB074-1259-4D05-AB5D-FEAC95EF04B7}.Debug|Any CPU.Build.0 = Debug|Any CPU
		{49FDB074-1259-4D05-AB5D-FEAC95EF04B7}.Release|Any CPU.ActiveCfg = Release|Any CPU
		{49FDB074-1259-4D05-AB5D-FEAC95EF04B7}.Release|Any CPU.Build.0 = Release|Any CPU
		{DD50A8F7-8A65-445A-96E3-1EA2A5166DAF}.Debug|Any CPU.ActiveCfg = Debug|Any CPU
		{DD50A8F7-8A65-445A-96E3-1EA2A5166DAF}.Debug|Any CPU.Build.0 = Debug|Any CPU
		{DD50A8F7-8A65-445A-96E3-1EA2A5166DAF}.Release|Any CPU.ActiveCfg = Release|Any CPU
		{DD50A8F7-8A65-445A-96E3-1EA2A5166DAF}.Release|Any CPU.Build.0 = Release|Any CPU
		{2195C523-A2A5-42C7-A940-76E8C4397AC7}.Debug|Any CPU.ActiveCfg = Debug|Any CPU
		{2195C523-A2A5-42C7-A940-76E8C4397AC7}.Debug|Any CPU.Build.0 = Debug|Any CPU
		{2195C523-A2A5-42C7-A940-76E8C4397AC7}.Release|Any CPU.ActiveCfg = Release|Any CPU
		{2195C523-A2A5-42C7-A940-76E8C4397AC7}.Release|Any CPU.Build.0 = Release|Any CPU
		{16B6B39A-91C8-473A-B9DE-4F554BB00761}.Debug|Any CPU.ActiveCfg = Debug|Any CPU
		{16B6B39A-91C8-473A-B9DE-4F554BB00761}.Debug|Any CPU.Build.0 = Debug|Any CPU
		{16B6B39A-91C8-473A-B9DE-4F554BB00761}.Release|Any CPU.ActiveCfg = Release|Any CPU
		{16B6B39A-91C8-473A-B9DE-4F554BB00761}.Release|Any CPU.Build.0 = Release|Any CPU
		{AC72E833-9D87-4969-998A-820CC05294A2}.Debug|Any CPU.ActiveCfg = Debug|Any CPU
		{AC72E833-9D87-4969-998A-820CC05294A2}.Debug|Any CPU.Build.0 = Debug|Any CPU
		{AC72E833-9D87-4969-998A-820CC05294A2}.Release|Any CPU.ActiveCfg = Release|Any CPU
		{AC72E833-9D87-4969-998A-820CC05294A2}.Release|Any CPU.Build.0 = Release|Any CPU
		{DAD1AA72-8EE2-4DE2-B155-096926F0915C}.Debug|Any CPU.ActiveCfg = Debug|Any CPU
		{DAD1AA72-8EE2-4DE2-B155-096926F0915C}.Debug|Any CPU.Build.0 = Debug|Any CPU
		{DAD1AA72-8EE2-4DE2-B155-096926F0915C}.Release|Any CPU.ActiveCfg = Release|Any CPU
		{DAD1AA72-8EE2-4DE2-B155-096926F0915C}.Release|Any CPU.Build.0 = Release|Any CPU
	EndGlobalSection
	GlobalSection(SolutionProperties) = preSolution
		HideSolutionNode = FALSE
	EndGlobalSection
	GlobalSection(NestedProjects) = preSolution
		{134F6438-C9C1-4E4C-814F-49A383C96C02} = {00FBDDB9-F652-4268-B03D-1545D8307ABE}
		{8176F05E-D4B8-4B04-BF1C-6F73693376A6} = {134F6438-C9C1-4E4C-814F-49A383C96C02}
		{49FDB074-1259-4D05-AB5D-FEAC95EF04B7} = {134F6438-C9C1-4E4C-814F-49A383C96C02}
		{DD50A8F7-8A65-445A-96E3-1EA2A5166DAF} = {134F6438-C9C1-4E4C-814F-49A383C96C02}
		{F7545726-F309-47D1-92E7-C083032E12EB} = {00FBDDB9-F652-4268-B03D-1545D8307ABE}
		{2195C523-A2A5-42C7-A940-76E8C4397AC7} = {F7545726-F309-47D1-92E7-C083032E12EB}
		{16B6B39A-91C8-473A-B9DE-4F554BB00761} = {F7545726-F309-47D1-92E7-C083032E12EB}
		{AC72E833-9D87-4969-998A-820CC05294A2} = {F7545726-F309-47D1-92E7-C083032E12EB}
		{5C2E6650-3593-4BF4-9052-EE574189D2B9} = {00FBDDB9-F652-4268-B03D-1545D8307ABE}
		{DAD1AA72-8EE2-4DE2-B155-096926F0915C} = {5C2E6650-3593-4BF4-9052-EE574189D2B9}
	EndGlobalSection
	GlobalSection(ExtensibilityGlobals) = postSolution
		SolutionGuid = {84E1342C-DB9B-4343-BF58-F998C7F0117A}
	EndGlobalSection
EndGlobal
